// !$*UTF8*$!
{
	archiveVersion = 1;
	classes = {
	};
	objectVersion = 46;
	objects = {

/* Begin PBXBuildFile section */
		622EB76F1D55DA61000637E7 /* AppDelegate.m in Sources */ = {isa = PBXBuildFile; fileRef = 622EB7621D55DA61000637E7 /* AppDelegate.m */; };
		622EB7731D55DAD2000637E7 /* ChessboardViewController.m in Sources */ = {isa = PBXBuildFile; fileRef = 622EB7711D55DAD2000637E7 /* ChessboardViewController.m */; };
		622EB7741D55DAD2000637E7 /* ChessboardViewController.xib in Resources */ = {isa = PBXBuildFile; fileRef = 622EB7721D55DAD2000637E7 /* ChessboardViewController.xib */; };
		622EB7771D55DB23000637E7 /* Chess.m in Sources */ = {isa = PBXBuildFile; fileRef = 622EB7761D55DB23000637E7 /* Chess.m */; };
		622EB77D1D55DF17000637E7 /* OneGame.m in Sources */ = {isa = PBXBuildFile; fileRef = 622EB77C1D55DF17000637E7 /* OneGame.m */; };
		622EB7801D565023000637E7 /* ChessView.m in Sources */ = {isa = PBXBuildFile; fileRef = 622EB77F1D565023000637E7 /* ChessView.m */; };
		6279D73E1D54FEB400F00838 /* main.m in Sources */ = {isa = PBXBuildFile; fileRef = 6279D73D1D54FEB400F00838 /* main.m */; };
		6279D7441D54FEB400F00838 /* ViewController.m in Sources */ = {isa = PBXBuildFile; fileRef = 6279D7431D54FEB400F00838 /* ViewController.m */; };
		6279D7471D54FEB400F00838 /* Main.storyboard in Resources */ = {isa = PBXBuildFile; fileRef = 6279D7451D54FEB400F00838 /* Main.storyboard */; };
		6279D7491D54FEB400F00838 /* Assets.xcassets in Resources */ = {isa = PBXBuildFile; fileRef = 6279D7481D54FEB400F00838 /* Assets.xcassets */; };
		6279D74C1D54FEB400F00838 /* LaunchScreen.storyboard in Resources */ = {isa = PBXBuildFile; fileRef = 6279D74A1D54FEB400F00838 /* LaunchScreen.storyboard */; };
/* End PBXBuildFile section */

/* Begin PBXFileReference section */
		622EB7611D55DA61000637E7 /* AppDelegate.h */ = {isa = PBXFileReference; fileEncoding = 4; lastKnownFileType = sourcecode.c.h; path = AppDelegate.h; sourceTree = "<group>"; };
		622EB7621D55DA61000637E7 /* AppDelegate.m */ = {isa = PBXFileReference; fileEncoding = 4; lastKnownFileType = sourcecode.c.objc; path = AppDelegate.m; sourceTree = "<group>"; };
		622EB7701D55DAD2000637E7 /* ChessboardViewController.h */ = {isa = PBXFileReference; fileEncoding = 4; lastKnownFileType = sourcecode.c.h; path = ChessboardViewController.h; sourceTree = "<group>"; };
		622EB7711D55DAD2000637E7 /* ChessboardViewController.m */ = {isa = PBXFileReference; fileEncoding = 4; lastKnownFileType = sourcecode.c.objc; path = ChessboardViewController.m; sourceTree = "<group>"; };
		622EB7721D55DAD2000637E7 /* ChessboardViewController.xib */ = {isa = PBXFileReference; fileEncoding = 4; lastKnownFileType = file.xib; path = ChessboardViewController.xib; sourceTree = "<group>"; };
		622EB7751D55DB23000637E7 /* Chess.h */ = {isa = PBXFileReference; fileEncoding = 4; lastKnownFileType = sourcecode.c.h; path = Chess.h; sourceTree = "<group>"; };
		622EB7761D55DB23000637E7 /* Chess.m */ = {isa = PBXFileReference; fileEncoding = 4; lastKnownFileType = sourcecode.c.objc; path = Chess.m; sourceTree = "<group>"; };
		622EB77B1D55DF17000637E7 /* OneGame.h */ = {isa = PBXFileReference; fileEncoding = 4; lastKnownFileType = sourcecode.c.h; path = OneGame.h; sourceTree = "<group>"; };
		622EB77C1D55DF17000637E7 /* OneGame.m */ = {isa = PBXFileReference; fileEncoding = 4; lastKnownFileType = sourcecode.c.objc; path = OneGame.m; sourceTree = "<group>"; };
		622EB77E1D565023000637E7 /* ChessView.h */ = {isa = PBXFileReference; fileEncoding = 4; lastKnownFileType = sourcecode.c.h; path = ChessView.h; sourceTree = "<group>"; };
		622EB77F1D565023000637E7 /* ChessView.m */ = {isa = PBXFileReference; fileEncoding = 4; lastKnownFileType = sourcecode.c.objc; path = ChessView.m; sourceTree = "<group>"; };
		6279D7391D54FEB400F00838 /* 2048.app */ = {isa = PBXFileReference; explicitFileType = wrapper.application; includeInIndex = 0; path = 2048.app; sourceTree = BUILT_PRODUCTS_DIR; };
		6279D73D1D54FEB400F00838 /* main.m */ = {isa = PBXFileReference; lastKnownFileType = sourcecode.c.objc; path = main.m; sourceTree = "<group>"; };
		6279D7421D54FEB400F00838 /* ViewController.h */ = {isa = PBXFileReference; lastKnownFileType = sourcecode.c.h; path = ViewController.h; sourceTree = "<group>"; };
		6279D7431D54FEB400F00838 /* ViewController.m */ = {isa = PBXFileReference; lastKnownFileType = sourcecode.c.objc; path = ViewController.m; sourceTree = "<group>"; };
		6279D7461D54FEB400F00838 /* Base */ = {isa = PBXFileReference; lastKnownFileType = file.storyboard; name = Base; path = Base.lproj/Main.storyboard; sourceTree = "<group>"; };
		6279D7481D54FEB400F00838 /* Assets.xcassets */ = {isa = PBXFileReference; lastKnownFileType = folder.assetcatalog; path = Assets.xcassets; sourceTree = "<group>"; };
		6279D74B1D54FEB400F00838 /* Base */ = {isa = PBXFileReference; lastKnownFileType = file.storyboard; name = Base; path = Base.lproj/LaunchScreen.storyboard; sourceTree = "<group>"; };
		6279D74D1D54FEB400F00838 /* Info.plist */ = {isa = PBXFileReference; lastKnownFileType = text.plist.xml; path = Info.plist; sourceTree = "<group>"; };
/* End PBXFileReference section */

/* Begin PBXFrameworksBuildPhase section */
		6279D7361D54FEB400F00838 /* Frameworks */ = {
			isa = PBXFrameworksBuildPhase;
			buildActionMask = 2147483647;
			files = (
			);
			runOnlyForDeploymentPostprocessing = 0;
		};
/* End PBXFrameworksBuildPhase section */

/* Begin PBXGroup section */
		622EB75F1D55DA61000637E7 /* Classes */ = {
			isa = PBXGroup;
			children = (
				622EB7601D55DA61000637E7 /* AppDelegate */,
				622EB7631D55DA61000637E7 /* General */,
				622EB7671D55DA61000637E7 /* Helpers */,
				622EB7681D55DA61000637E7 /* Macro */,
				622EB7691D55DA61000637E7 /* Models */,
				622EB76A1D55DA61000637E7 /* Resources */,
				622EB76B1D55DA61000637E7 /* Scenes */,
				622EB76E1D55DA61000637E7 /* Vendors */,
			);
			path = Classes;
			sourceTree = "<group>";
		};
		622EB7601D55DA61000637E7 /* AppDelegate */ = {
			isa = PBXGroup;
			children = (
				622EB7611D55DA61000637E7 /* AppDelegate.h */,
				622EB7621D55DA61000637E7 /* AppDelegate.m */,
			);
			path = AppDelegate;
			sourceTree = "<group>";
		};
		622EB7631D55DA61000637E7 /* General */ = {
			isa = PBXGroup;
			children = (
				622EB7641D55DA61000637E7 /* Categories */,
				622EB7651D55DA61000637E7 /* ViewControllers */,
				622EB7661D55DA61000637E7 /* VIews */,
			);
			path = General;
			sourceTree = "<group>";
		};
		622EB7641D55DA61000637E7 /* Categories */ = {
			isa = PBXGroup;
			children = (
			);
			path = Categories;
			sourceTree = "<group>";
		};
		622EB7651D55DA61000637E7 /* ViewControllers */ = {
			isa = PBXGroup;
			children = (
			);
			path = ViewControllers;
			sourceTree = "<group>";
		};
		622EB7661D55DA61000637E7 /* VIews */ = {
			isa = PBXGroup;
			children = (
			);
			path = VIews;
			sourceTree = "<group>";
		};
		622EB7671D55DA61000637E7 /* Helpers */ = {
			isa = PBXGroup;
			children = (
			);
			path = Helpers;
			sourceTree = "<group>";
		};
		622EB7681D55DA61000637E7 /* Macro */ = {
			isa = PBXGroup;
			children = (
			);
			path = Macro;
			sourceTree = "<group>";
		};
		622EB7691D55DA61000637E7 /* Models */ = {
			isa = PBXGroup;
			children = (
				622EB7751D55DB23000637E7 /* Chess.h */,
				622EB7761D55DB23000637E7 /* Chess.m */,
				622EB77B1D55DF17000637E7 /* OneGame.h */,
				622EB77C1D55DF17000637E7 /* OneGame.m */,
			);
			path = Models;
			sourceTree = "<group>";
		};
		622EB76A1D55DA61000637E7 /* Resources */ = {
			isa = PBXGroup;
			children = (
			);
			path = Resources;
			sourceTree = "<group>";
		};
		622EB76B1D55DA61000637E7 /* Scenes */ = {
			isa = PBXGroup;
			children = (
				622EB76C1D55DA61000637E7 /* View */,
				622EB76D1D55DA61000637E7 /* ViewController */,
			);
			path = Scenes;
			sourceTree = "<group>";
		};
		622EB76C1D55DA61000637E7 /* View */ = {
			isa = PBXGroup;
			children = (
				622EB77E1D565023000637E7 /* ChessView.h */,
				622EB77F1D565023000637E7 /* ChessView.m */,
			);
			path = View;
			sourceTree = "<group>";
		};
		622EB76D1D55DA61000637E7 /* ViewController */ = {
			isa = PBXGroup;
			children = (
				622EB7701D55DAD2000637E7 /* ChessboardViewController.h */,
				622EB7711D55DAD2000637E7 /* ChessboardViewController.m */,
				622EB7721D55DAD2000637E7 /* ChessboardViewController.xib */,
			);
			path = ViewController;
			sourceTree = "<group>";
		};
		622EB76E1D55DA61000637E7 /* Vendors */ = {
			isa = PBXGroup;
			children = (
			);
			path = Vendors;
			sourceTree = "<group>";
		};
		6279D7301D54FEB400F00838 = {
			isa = PBXGroup;
			children = (
				6279D73B1D54FEB400F00838 /* 2048 */,
				6279D73A1D54FEB400F00838 /* Products */,
			);
			sourceTree = "<group>";
		};
		6279D73A1D54FEB400F00838 /* Products */ = {
			isa = PBXGroup;
			children = (
				6279D7391D54FEB400F00838 /* 2048.app */,
			);
			name = Products;
			sourceTree = "<group>";
		};
		6279D73B1D54FEB400F00838 /* 2048 */ = {
			isa = PBXGroup;
			children = (
				622EB75F1D55DA61000637E7 /* Classes */,
				6279D7421D54FEB400F00838 /* ViewController.h */,
				6279D7431D54FEB400F00838 /* ViewController.m */,
				6279D7451D54FEB400F00838 /* Main.storyboard */,
				6279D7481D54FEB400F00838 /* Assets.xcassets */,
				6279D74A1D54FEB400F00838 /* LaunchScreen.storyboard */,
				6279D73C1D54FEB400F00838 /* Supporting Files */,
			);
			path = 2048;
			sourceTree = "<group>";
		};
		6279D73C1D54FEB400F00838 /* Supporting Files */ = {
			isa = PBXGroup;
			children = (
				6279D74D1D54FEB400F00838 /* Info.plist */,
				6279D73D1D54FEB400F00838 /* main.m */,
			);
			name = "Supporting Files";
			sourceTree = "<group>";
		};
/* End PBXGroup section */

/* Begin PBXNativeTarget section */
		6279D7381D54FEB400F00838 /* 2048 */ = {
			isa = PBXNativeTarget;
			buildConfigurationList = 6279D7501D54FEB400F00838 /* Build configuration list for PBXNativeTarget "2048" */;
			buildPhases = (
				6279D7351D54FEB400F00838 /* Sources */,
				6279D7361D54FEB400F00838 /* Frameworks */,
				6279D7371D54FEB400F00838 /* Resources */,
			);
			buildRules = (
			);
			dependencies = (
			);
			name = 2048;
			productName = 2048;
			productReference = 6279D7391D54FEB400F00838 /* 2048.app */;
			productType = "com.apple.product-type.application";
		};
/* End PBXNativeTarget section */

/* Begin PBXProject section */
		6279D7311D54FEB400F00838 /* Project object */ = {
			isa = PBXProject;
			attributes = {
				LastUpgradeCheck = 0710;
				ORGANIZATIONNAME = Pengcent;
				TargetAttributes = {
					6279D7381D54FEB400F00838 = {
						CreatedOnToolsVersion = 7.1;
						DevelopmentTeam = 48L6P8WF6U;
					};
				};
			};
			buildConfigurationList = 6279D7341D54FEB400F00838 /* Build configuration list for PBXProject "2048" */;
			compatibilityVersion = "Xcode 3.2";
			developmentRegion = English;
			hasScannedForEncodings = 0;
			knownRegions = (
				en,
				Base,
			);
			mainGroup = 6279D7301D54FEB400F00838;
			productRefGroup = 6279D73A1D54FEB400F00838 /* Products */;
			projectDirPath = "";
			projectRoot = "";
			targets = (
				6279D7381D54FEB400F00838 /* 2048 */,
			);
		};
/* End PBXProject section */

/* Begin PBXResourcesBuildPhase section */
		6279D7371D54FEB400F00838 /* Resources */ = {
			isa = PBXResourcesBuildPhase;
			buildActionMask = 2147483647;
			files = (
				6279D74C1D54FEB400F00838 /* LaunchScreen.storyboard in Resources */,
				6279D7491D54FEB400F00838 /* Assets.xcassets in Resources */,
				622EB7741D55DAD2000637E7 /* ChessboardViewController.xib in Resources */,
				6279D7471D54FEB400F00838 /* Main.storyboard in Resources */,
			);
			runOnlyForDeploymentPostprocessing = 0;
		};
/* End PBXResourcesBuildPhase section */

/* Begin PBXSourcesBuildPhase section */
		6279D7351D54FEB400F00838 /* Sources */ = {
			isa = PBXSourcesBuildPhase;
			buildActionMask = 2147483647;
			files = (
				622EB76F1D55DA61000637E7 /* AppDelegate.m in Sources */,
				6279D7441D54FEB400F00838 /* ViewController.m in Sources */,
				622EB7801D565023000637E7 /* ChessView.m in Sources */,
				622EB7771D55DB23000637E7 /* Chess.m in Sources */,
				622EB77D1D55DF17000637E7 /* OneGame.m in Sources */,
				622EB7731D55DAD2000637E7 /* ChessboardViewController.m in Sources */,
				6279D73E1D54FEB400F00838 /* main.m in Sources */,
			);
			runOnlyForDeploymentPostprocessing = 0;
		};
/* End PBXSourcesBuildPhase section */

/* Begin PBXVariantGroup section */
		6279D7451D54FEB400F00838 /* Main.storyboard */ = {
			isa = PBXVariantGroup;
			children = (
				6279D7461D54FEB400F00838 /* Base */,
			);
			name = Main.storyboard;
			sourceTree = "<group>";
		};
		6279D74A1D54FEB400F00838 /* LaunchScreen.storyboard */ = {
			isa = PBXVariantGroup;
			children = (
				6279D74B1D54FEB400F00838 /* Base */,
			);
			name = LaunchScreen.storyboard;
			sourceTree = "<group>";
		};
/* End PBXVariantGroup section */

/* Begin XCBuildConfiguration section */
		6279D74E1D54FEB400F00838 /* Debug */ = {
			isa = XCBuildConfiguration;
			buildSettings = {
				ALWAYS_SEARCH_USER_PATHS = NO;
				CLANG_CXX_LANGUAGE_STANDARD = "gnu++0x";
				CLANG_CXX_LIBRARY = "libc++";
				CLANG_ENABLE_MODULES = YES;
				CLANG_ENABLE_OBJC_ARC = YES;
				CLANG_WARN_BOOL_CONVERSION = YES;
				CLANG_WARN_CONSTANT_CONVERSION = YES;
				CLANG_WARN_DIRECT_OBJC_ISA_USAGE = YES_ERROR;
				CLANG_WARN_EMPTY_BODY = YES;
				CLANG_WARN_ENUM_CONVERSION = YES;
				CLANG_WARN_INT_CONVERSION = YES;
				CLANG_WARN_OBJC_ROOT_CLASS = YES_ERROR;
				CLANG_WARN_UNREACHABLE_CODE = YES;
				CLANG_WARN__DUPLICATE_METHOD_MATCH = YES;
				"CODE_SIGN_IDENTITY[sdk=iphoneos*]" = "iPhone Developer";
				COPY_PHASE_STRIP = NO;
				DEBUG_INFORMATION_FORMAT = dwarf;
				ENABLE_STRICT_OBJC_MSGSEND = YES;
				ENABLE_TESTABILITY = YES;
				GCC_C_LANGUAGE_STANDARD = gnu99;
				GCC_DYNAMIC_NO_PIC = NO;
				GCC_NO_COMMON_BLOCKS = YES;
				GCC_OPTIMIZATION_LEVEL = 0;
				GCC_PREPROCESSOR_DEFINITIONS = (
					"DEBUG=1",
					"$(inherited)",
				);
				GCC_WARN_64_TO_32_BIT_CONVERSION = YES;
				GCC_WARN_ABOUT_RETURN_TYPE = YES_ERROR;
				GCC_WARN_UNDECLARED_SELECTOR = YES;
				GCC_WARN_UNINITIALIZED_AUTOS = YES_AGGRESSIVE;
				GCC_WARN_UNUSED_FUNCTION = YES;
				GCC_WARN_UNUSED_VARIABLE = YES;
				IPHONEOS_DEPLOYMENT_TARGET = 9.1;
				MTL_ENABLE_DEBUG_INFO = YES;
				ONLY_ACTIVE_ARCH = YES;
				SDKROOT = iphoneos;
			};
			name = Debug;
		};
		6279D74F1D54FEB400F00838 /* Release */ = {
			isa = XCBuildConfiguration;
			buildSettings = {
				ALWAYS_SEARCH_USER_PATHS = NO;
				CLANG_CXX_LANGUAGE_STANDARD = "gnu++0x";
				CLANG_CXX_LIBRARY = "libc++";
				CLANG_ENABLE_MODULES = YES;
				CLANG_ENABLE_OBJC_ARC = YES;
				CLANG_WARN_BOOL_CONVERSION = YES;
				CLANG_WARN_CONSTANT_CONVERSION = YES;
				CLANG_WARN_DIRECT_OBJC_ISA_USAGE = YES_ERROR;
				CLANG_WARN_EMPTY_BODY = YES;
				CLANG_WARN_ENUM_CONVERSION = YES;
				CLANG_WARN_INT_CONVERSION = YES;
				CLANG_WARN_OBJC_ROOT_CLASS = YES_ERROR;
				CLANG_WARN_UNREACHABLE_CODE = YES;
				CLANG_WARN__DUPLICATE_METHOD_MATCH = YES;
				"CODE_SIGN_IDENTITY[sdk=iphoneos*]" = "iPhone Developer";
				COPY_PHASE_STRIP = NO;
				DEBUG_INFORMATION_FORMAT = "dwarf-with-dsym";
				ENABLE_NS_ASSERTIONS = NO;
				ENABLE_STRICT_OBJC_MSGSEND = YES;
				GCC_C_LANGUAGE_STANDARD = gnu99;
				GCC_NO_COMMON_BLOCKS = YES;
				GCC_WARN_64_TO_32_BIT_CONVERSION = YES;
				GCC_WARN_ABOUT_RETURN_TYPE = YES_ERROR;
				GCC_WARN_UNDECLARED_SELECTOR = YES;
				GCC_WARN_UNINITIALIZED_AUTOS = YES_AGGRESSIVE;
				GCC_WARN_UNUSED_FUNCTION = YES;
				GCC_WARN_UNUSED_VARIABLE = YES;
				IPHONEOS_DEPLOYMENT_TARGET = 9.1;
				MTL_ENABLE_DEBUG_INFO = NO;
				SDKROOT = iphoneos;
				VALIDATE_PRODUCT = YES;
			};
			name = Release;
		};
		6279D7511D54FEB400F00838 /* Debug */ = {
			isa = XCBuildConfiguration;
			buildSettings = {
				ASSETCATALOG_COMPILER_APPICON_NAME = AppIcon;
				CODE_SIGN_IDENTITY = "iPhone Developer";
				INFOPLIST_FILE = 2048/Info.plist;
				LD_RUNPATH_SEARCH_PATHS = "$(inherited) @executable_path/Frameworks";
				PRODUCT_BUNDLE_IDENTIFIER = com.pengcent.2048;
				PRODUCT_NAME = "$(TARGET_NAME)";
			};
			name = Debug;
		};
		6279D7521D54FEB400F00838 /* Release */ = {
			isa = XCBuildConfiguration;
			buildSettings = {
				ASSETCATALOG_COMPILER_APPICON_NAME = AppIcon;
				CODE_SIGN_IDENTITY = "iPhone Developer";
				INFOPLIST_FILE = 2048/Info.plist;
				LD_RUNPATH_SEARCH_PATHS = "$(inherited) @executable_path/Frameworks";
				PRODUCT_BUNDLE_IDENTIFIER = com.pengcent.2048;
				PRODUCT_NAME = "$(TARGET_NAME)";
			};
			name = Release;
		};
/* End XCBuildConfiguration section */

/* Begin XCConfigurationList section */
		6279D7341D54FEB400F00838 /* Build configuration list for PBXProject "2048" */ = {
			isa = XCConfigurationList;
			buildConfigurations = (
				6279D74E1D54FEB400F00838 /* Debug */,
				6279D74F1D54FEB400F00838 /* Release */,
			);
			defaultConfigurationIsVisible = 0;
			defaultConfigurationName = Release;
		};
		6279D7501D54FEB400F00838 /* Build configuration list for PBXNativeTarget "2048" */ = {
			isa = XCConfigurationList;
			buildConfigurations = (
				6279D7511D54FEB400F00838 /* Debug */,
				6279D7521D54FEB400F00838 /* Release */,
			);
			defaultConfigurationIsVisible = 0;
			defaultConfigurationName = Release;
		};
/* End XCConfigurationList section */
	};
	rootObject = 6279D7311D54FEB400F00838 /* Project object */;
}
